// !$*UTF8*$!
{
	archiveVersion = 1;
	classes = {
	};
	objectVersion = 46;
	objects = {

/* Begin PBXBuildFile section */
		224E4BFEF7E29248E8614625 /* Pods_ShortenImage.framework in Frameworks */ = {isa = PBXBuildFile; fileRef = 5AA7B9F5AD9EEC1D6782BFD0 /* Pods_ShortenImage.framework */; };
		DED39C221C96FADC003A9F49 /* AppDelegate.swift in Sources */ = {isa = PBXBuildFile; fileRef = DED39C211C96FADC003A9F49 /* AppDelegate.swift */; };
		DED39C271C96FADC003A9F49 /* Main.storyboard in Resources */ = {isa = PBXBuildFile; fileRef = DED39C251C96FADC003A9F49 /* Main.storyboard */; };
		DED39C291C96FADC003A9F49 /* Assets.xcassets in Resources */ = {isa = PBXBuildFile; fileRef = DED39C281C96FADC003A9F49 /* Assets.xcassets */; };
		DED39C2C1C96FADC003A9F49 /* LaunchScreen.storyboard in Resources */ = {isa = PBXBuildFile; fileRef = DED39C2A1C96FADC003A9F49 /* LaunchScreen.storyboard */; };
		DED39C371C96FADC003A9F49 /* ShortenImageTests.swift in Sources */ = {isa = PBXBuildFile; fileRef = DED39C361C96FADC003A9F49 /* ShortenImageTests.swift */; };
		DED39C421C96FADC003A9F49 /* ShortenImageUITests.swift in Sources */ = {isa = PBXBuildFile; fileRef = DED39C411C96FADC003A9F49 /* ShortenImageUITests.swift */; };
		DEF5CCA81C97018B005433B3 /* HomeViewController.swift in Sources */ = {isa = PBXBuildFile; fileRef = DEF5CCA71C97018B005433B3 /* HomeViewController.swift */; };
/* End PBXBuildFile section */

/* Begin PBXContainerItemProxy section */
		DED39C331C96FADC003A9F49 /* PBXContainerItemProxy */ = {
			isa = PBXContainerItemProxy;
			containerPortal = DED39C161C96FADC003A9F49 /* Project object */;
			proxyType = 1;
			remoteGlobalIDString = DED39C1D1C96FADC003A9F49;
			remoteInfo = ShortenImage;
		};
		DED39C3E1C96FADC003A9F49 /* PBXContainerItemProxy */ = {
			isa = PBXContainerItemProxy;
			containerPortal = DED39C161C96FADC003A9F49 /* Project object */;
			proxyType = 1;
			remoteGlobalIDString = DED39C1D1C96FADC003A9F49;
			remoteInfo = ShortenImage;
		};
/* End PBXContainerItemProxy section */

/* Begin PBXFileReference section */
		5AA7B9F5AD9EEC1D6782BFD0 /* Pods_ShortenImage.framework */ = {isa = PBXFileReference; explicitFileType = wrapper.framework; includeInIndex = 0; path = Pods_ShortenImage.framework; sourceTree = BUILT_PRODUCTS_DIR; };
		D1D69C19BBDB84F6E4A01C05 /* Pods-ShortenImage.release.xcconfig */ = {isa = PBXFileReference; includeInIndex = 1; lastKnownFileType = text.xcconfig; name = "Pods-ShortenImage.release.xcconfig"; path = "Pods/Target Support Files/Pods-ShortenImage/Pods-ShortenImage.release.xcconfig"; sourceTree = "<group>"; };
		DE2475351C96FF4D00C491BC /* ShortenImage-Bridging-Header.h */ = {isa = PBXFileReference; fileEncoding = 4; lastKnownFileType = sourcecode.c.h; path = "ShortenImage-Bridging-Header.h"; sourceTree = "<group>"; };
		DED39C1E1C96FADC003A9F49 /* ShortenImage.app */ = {isa = PBXFileReference; explicitFileType = wrapper.application; includeInIndex = 0; path = ShortenImage.app; sourceTree = BUILT_PRODUCTS_DIR; };
		DED39C211C96FADC003A9F49 /* AppDelegate.swift */ = {isa = PBXFileReference; lastKnownFileType = sourcecode.swift; path = AppDelegate.swift; sourceTree = "<group>"; };
		DED39C261C96FADC003A9F49 /* Base */ = {isa = PBXFileReference; lastKnownFileType = file.storyboard; name = Base; path = Base.lproj/Main.storyboard; sourceTree = "<group>"; };
		DED39C281C96FADC003A9F49 /* Assets.xcassets */ = {isa = PBXFileReference; lastKnownFileType = folder.assetcatalog; path = Assets.xcassets; sourceTree = "<group>"; };
		DED39C2B1C96FADC003A9F49 /* Base */ = {isa = PBXFileReference; lastKnownFileType = file.storyboard; name = Base; path = Base.lproj/LaunchScreen.storyboard; sourceTree = "<group>"; };
		DED39C2D1C96FADC003A9F49 /* Info.plist */ = {isa = PBXFileReference; lastKnownFileType = text.plist.xml; path = Info.plist; sourceTree = "<group>"; };
		DED39C321C96FADC003A9F49 /* ShortenImageTests.xctest */ = {isa = PBXFileReference; explicitFileType = wrapper.cfbundle; includeInIndex = 0; path = ShortenImageTests.xctest; sourceTree = BUILT_PRODUCTS_DIR; };
		DED39C361C96FADC003A9F49 /* ShortenImageTests.swift */ = {isa = PBXFileReference; lastKnownFileType = sourcecode.swift; path = ShortenImageTests.swift; sourceTree = "<group>"; };
		DED39C381C96FADC003A9F49 /* Info.plist */ = {isa = PBXFileReference; lastKnownFileType = text.plist.xml; path = Info.plist; sourceTree = "<group>"; };
		DED39C3D1C96FADC003A9F49 /* ShortenImageUITests.xctest */ = {isa = PBXFileReference; explicitFileType = wrapper.cfbundle; includeInIndex = 0; path = ShortenImageUITests.xctest; sourceTree = BUILT_PRODUCTS_DIR; };
		DED39C411C96FADC003A9F49 /* ShortenImageUITests.swift */ = {isa = PBXFileReference; lastKnownFileType = sourcecode.swift; path = ShortenImageUITests.swift; sourceTree = "<group>"; };
		DED39C431C96FADC003A9F49 /* Info.plist */ = {isa = PBXFileReference; lastKnownFileType = text.plist.xml; path = Info.plist; sourceTree = "<group>"; };
		DEF5CCA71C97018B005433B3 /* HomeViewController.swift */ = {isa = PBXFileReference; fileEncoding = 4; lastKnownFileType = sourcecode.swift; path = HomeViewController.swift; sourceTree = "<group>"; };
		FBD68B1B4EF03C21D126BB75 /* Pods-ShortenImage.debug.xcconfig */ = {isa = PBXFileReference; includeInIndex = 1; lastKnownFileType = text.xcconfig; name = "Pods-ShortenImage.debug.xcconfig"; path = "Pods/Target Support Files/Pods-ShortenImage/Pods-ShortenImage.debug.xcconfig"; sourceTree = "<group>"; };
/* End PBXFileReference section */

/* Begin PBXFrameworksBuildPhase section */
		DED39C1B1C96FADC003A9F49 /* Frameworks */ = {
			isa = PBXFrameworksBuildPhase;
			buildActionMask = 2147483647;
			files = (
				224E4BFEF7E29248E8614625 /* Pods_ShortenImage.framework in Frameworks */,
			);
			runOnlyForDeploymentPostprocessing = 0;
		};
		DED39C2F1C96FADC003A9F49 /* Frameworks */ = {
			isa = PBXFrameworksBuildPhase;
			buildActionMask = 2147483647;
			files = (
			);
			runOnlyForDeploymentPostprocessing = 0;
		};
		DED39C3A1C96FADC003A9F49 /* Frameworks */ = {
			isa = PBXFrameworksBuildPhase;
			buildActionMask = 2147483647;
			files = (
			);
			runOnlyForDeploymentPostprocessing = 0;
		};
/* End PBXFrameworksBuildPhase section */

/* Begin PBXGroup section */
		08CAB7D9194C6655550C387B /* Pods */ = {
			isa = PBXGroup;
			children = (
				FBD68B1B4EF03C21D126BB75 /* Pods-ShortenImage.debug.xcconfig */,
				D1D69C19BBDB84F6E4A01C05 /* Pods-ShortenImage.release.xcconfig */,
			);
			name = Pods;
			sourceTree = "<group>";
		};
		09481AA1729D9B1D59AB956A /* Frameworks */ = {
			isa = PBXGroup;
			children = (
				5AA7B9F5AD9EEC1D6782BFD0 /* Pods_ShortenImage.framework */,
			);
			name = Frameworks;
			sourceTree = "<group>";
		};
		DED39C151C96FADC003A9F49 = {
			isa = PBXGroup;
			children = (
				DED39C201C96FADC003A9F49 /* ShortenImage */,
				DED39C351C96FADC003A9F49 /* ShortenImageTests */,
				DED39C401C96FADC003A9F49 /* ShortenImageUITests */,
				DED39C1F1C96FADC003A9F49 /* Products */,
				08CAB7D9194C6655550C387B /* Pods */,
				09481AA1729D9B1D59AB956A /* Frameworks */,
			);
			sourceTree = "<group>";
		};
		DED39C1F1C96FADC003A9F49 /* Products */ = {
			isa = PBXGroup;
			children = (
				DED39C1E1C96FADC003A9F49 /* ShortenImage.app */,
				DED39C321C96FADC003A9F49 /* ShortenImageTests.xctest */,
				DED39C3D1C96FADC003A9F49 /* ShortenImageUITests.xctest */,
			);
			name = Products;
			sourceTree = "<group>";
		};
		DED39C201C96FADC003A9F49 /* ShortenImage */ = {
			isa = PBXGroup;
			children = (
				DEF5CCA71C97018B005433B3 /* HomeViewController.swift */,
				DE2475351C96FF4D00C491BC /* ShortenImage-Bridging-Header.h */,
				DED39C211C96FADC003A9F49 /* AppDelegate.swift */,
				DED39C251C96FADC003A9F49 /* Main.storyboard */,
				DED39C281C96FADC003A9F49 /* Assets.xcassets */,
				DED39C2A1C96FADC003A9F49 /* LaunchScreen.storyboard */,
				DED39C2D1C96FADC003A9F49 /* Info.plist */,
			);
			path = ShortenImage;
			sourceTree = "<group>";
		};
		DED39C351C96FADC003A9F49 /* ShortenImageTests */ = {
			isa = PBXGroup;
			children = (
				DED39C361C96FADC003A9F49 /* ShortenImageTests.swift */,
				DED39C381C96FADC003A9F49 /* Info.plist */,
			);
			path = ShortenImageTests;
			sourceTree = "<group>";
		};
		DED39C401C96FADC003A9F49 /* ShortenImageUITests */ = {
			isa = PBXGroup;
			children = (
				DED39C411C96FADC003A9F49 /* ShortenImageUITests.swift */,
				DED39C431C96FADC003A9F49 /* Info.plist */,
			);
			path = ShortenImageUITests;
			sourceTree = "<group>";
		};
/* End PBXGroup section */

/* Begin PBXNativeTarget section */
		DED39C1D1C96FADC003A9F49 /* ShortenImage */ = {
			isa = PBXNativeTarget;
			buildConfigurationList = DED39C461C96FADC003A9F49 /* Build configuration list for PBXNativeTarget "ShortenImage" */;
			buildPhases = (
				1C50BA26BB079AD593204950 /* Check Pods Manifest.lock */,
				DED39C1A1C96FADC003A9F49 /* Sources */,
				DED39C1B1C96FADC003A9F49 /* Frameworks */,
				DED39C1C1C96FADC003A9F49 /* Resources */,
				E98F5D4B2C41C340641170E1 /* Embed Pods Frameworks */,
				B3627BFEB29DCE000DF4357D /* Copy Pods Resources */,
			);
			buildRules = (
			);
			dependencies = (
			);
			name = ShortenImage;
			productName = ShortenImage;
			productReference = DED39C1E1C96FADC003A9F49 /* ShortenImage.app */;
			productType = "com.apple.product-type.application";
		};
		DED39C311C96FADC003A9F49 /* ShortenImageTests */ = {
			isa = PBXNativeTarget;
			buildConfigurationList = DED39C491C96FADC003A9F49 /* Build configuration list for PBXNativeTarget "ShortenImageTests" */;
			buildPhases = (
				DED39C2E1C96FADC003A9F49 /* Sources */,
				DED39C2F1C96FADC003A9F49 /* Frameworks */,
				DED39C301C96FADC003A9F49 /* Resources */,
			);
			buildRules = (
			);
			dependencies = (
				DED39C341C96FADC003A9F49 /* PBXTargetDependency */,
			);
			name = ShortenImageTests;
			productName = ShortenImageTests;
			productReference = DED39C321C96FADC003A9F49 /* ShortenImageTests.xctest */;
			productType = "com.apple.product-type.bundle.unit-test";
		};
		DED39C3C1C96FADC003A9F49 /* ShortenImageUITests */ = {
			isa = PBXNativeTarget;
			buildConfigurationList = DED39C4C1C96FADC003A9F49 /* Build configuration list for PBXNativeTarget "ShortenImageUITests" */;
			buildPhases = (
				DED39C391C96FADC003A9F49 /* Sources */,
				DED39C3A1C96FADC003A9F49 /* Frameworks */,
				DED39C3B1C96FADC003A9F49 /* Resources */,
			);
			buildRules = (
			);
			dependencies = (
				DED39C3F1C96FADC003A9F49 /* PBXTargetDependency */,
			);
			name = ShortenImageUITests;
			productName = ShortenImageUITests;
			productReference = DED39C3D1C96FADC003A9F49 /* ShortenImageUITests.xctest */;
			productType = "com.apple.product-type.bundle.ui-testing";
		};
/* End PBXNativeTarget section */

/* Begin PBXProject section */
		DED39C161C96FADC003A9F49 /* Project object */ = {
			isa = PBXProject;
			attributes = {
				LastSwiftUpdateCheck = 0720;
				LastUpgradeCheck = 0720;
				ORGANIZATIONNAME = FourFi;
				TargetAttributes = {
					DED39C1D1C96FADC003A9F49 = {
						CreatedOnToolsVersion = 7.2;
					};
					DED39C311C96FADC003A9F49 = {
						CreatedOnToolsVersion = 7.2;
						TestTargetID = DED39C1D1C96FADC003A9F49;
					};
					DED39C3C1C96FADC003A9F49 = {
						CreatedOnToolsVersion = 7.2;
						TestTargetID = DED39C1D1C96FADC003A9F49;
					};
				};
			};
			buildConfigurationList = DED39C191C96FADC003A9F49 /* Build configuration list for PBXProject "ShortenImage" */;
			compatibilityVersion = "Xcode 3.2";
			developmentRegion = English;
			hasScannedForEncodings = 0;
			knownRegions = (
				en,
				Base,
			);
			mainGroup = DED39C151C96FADC003A9F49;
			productRefGroup = DED39C1F1C96FADC003A9F49 /* Products */;
			projectDirPath = "";
			projectRoot = "";
			targets = (
				DED39C1D1C96FADC003A9F49 /* ShortenImage */,
				DED39C311C96FADC003A9F49 /* ShortenImageTests */,
				DED39C3C1C96FADC003A9F49 /* ShortenImageUITests */,
			);
		};
/* End PBXProject section */

/* Begin PBXResourcesBuildPhase section */
		DED39C1C1C96FADC003A9F49 /* Resources */ = {
			isa = PBXResourcesBuildPhase;
			buildActionMask = 2147483647;
			files = (
				DED39C2C1C96FADC003A9F49 /* LaunchScreen.storyboard in Resources */,
				DED39C291C96FADC003A9F49 /* Assets.xcassets in Resources */,
				DED39C271C96FADC003A9F49 /* Main.storyboard in Resources */,
			);
			runOnlyForDeploymentPostprocessing = 0;
		};
		DED39C301C96FADC003A9F49 /* Resources */ = {
			isa = PBXResourcesBuildPhase;
			buildActionMask = 2147483647;
			files = (
			);
			runOnlyForDeploymentPostprocessing = 0;
		};
		DED39C3B1C96FADC003A9F49 /* Resources */ = {
			isa = PBXResourcesBuildPhase;
			buildActionMask = 2147483647;
			files = (
			);
			runOnlyForDeploymentPostprocessing = 0;
		};
/* End PBXResourcesBuildPhase section */

/* Begin PBXShellScriptBuildPhase section */
		1C50BA26BB079AD593204950 /* Check Pods Manifest.lock */ = {
			isa = PBXShellScriptBuildPhase;
			buildActionMask = 2147483647;
			files = (
			);
			inputPaths = (
			);
			name = "Check Pods Manifest.lock";
			outputPaths = (
			);
			runOnlyForDeploymentPostprocessing = 0;
			shellPath = /bin/sh;
			shellScript = "diff \"${PODS_ROOT}/../Podfile.lock\" \"${PODS_ROOT}/Manifest.lock\" > /dev/null\nif [[ $? != 0 ]] ; then\n    cat << EOM\nerror: The sandbox is not in sync with the Podfile.lock. Run 'pod install' or update your CocoaPods installation.\nEOM\n    exit 1\nfi\n";
			showEnvVarsInLog = 0;
		};
		B3627BFEB29DCE000DF4357D /* Copy Pods Resources */ = {
			isa = PBXShellScriptBuildPhase;
			buildActionMask = 2147483647;
			files = (
			);
			inputPaths = (
			);
			name = "Copy Pods Resources";
			outputPaths = (
			);
			runOnlyForDeploymentPostprocessing = 0;
			shellPath = /bin/sh;
			shellScript = "\"${SRCROOT}/Pods/Target Support Files/Pods-ShortenImage/Pods-ShortenImage-resources.sh\"\n";
			showEnvVarsInLog = 0;
		};
		E98F5D4B2C41C340641170E1 /* Embed Pods Frameworks */ = {
			isa = PBXShellScriptBuildPhase;
			buildActionMask = 2147483647;
			files = (
			);
			inputPaths = (
			);
			name = "Embed Pods Frameworks";
			outputPaths = (
			);
			runOnlyForDeploymentPostprocessing = 0;
			shellPath = /bin/sh;
			shellScript = "\"${SRCROOT}/Pods/Target Support Files/Pods-ShortenImage/Pods-ShortenImage-frameworks.sh\"\n";
			showEnvVarsInLog = 0;
		};
/* End PBXShellScriptBuildPhase section */

/* Begin PBXSourcesBuildPhase section */
		DED39C1A1C96FADC003A9F49 /* Sources */ = {
			isa = PBXSourcesBuildPhase;
			buildActionMask = 2147483647;
			files = (
				DED39C221C96FADC003A9F49 /* AppDelegate.swift in Sources */,
				DEF5CCA81C97018B005433B3 /* HomeViewController.swift in Sources */,
			);
			runOnlyForDeploymentPostprocessing = 0;
		};
		DED39C2E1C96FADC003A9F49 /* Sources */ = {
			isa = PBXSourcesBuildPhase;
			buildActionMask = 2147483647;
			files = (
				DED39C371C96FADC003A9F49 /* ShortenImageTests.swift in Sources */,
			);
			runOnlyForDeploymentPostprocessing = 0;
		};
		DED39C391C96FADC003A9F49 /* Sources */ = {
			isa = PBXSourcesBuildPhase;
			buildActionMask = 2147483647;
			files = (
				DED39C421C96FADC003A9F49 /* ShortenImageUITests.swift in Sources */,
			);
			runOnlyForDeploymentPostprocessing = 0;
		};
/* End PBXSourcesBuildPhase section */

/* Begin PBXTargetDependency section */
		DED39C341C96FADC003A9F49 /* PBXTargetDependency */ = {
			isa = PBXTargetDependency;
			target = DED39C1D1C96FADC003A9F49 /* ShortenImage */;
			targetProxy = DED39C331C96FADC003A9F49 /* PBXContainerItemProxy */;
		};
		DED39C3F1C96FADC003A9F49 /* PBXTargetDependency */ = {
			isa = PBXTargetDependency;
			target = DED39C1D1C96FADC003A9F49 /* ShortenImage */;
			targetProxy = DED39C3E1C96FADC003A9F49 /* PBXContainerItemProxy */;
		};
/* End PBXTargetDependency section */

/* Begin PBXVariantGroup section */
		DED39C251C96FADC003A9F49 /* Main.storyboard */ = {
			isa = PBXVariantGroup;
			children = (
				DED39C261C96FADC003A9F49 /* Base */,
			);
			name = Main.storyboard;
			sourceTree = "<group>";
		};
		DED39C2A1C96FADC003A9F49 /* LaunchScreen.storyboard */ = {
			isa = PBXVariantGroup;
			children = (
				DED39C2B1C96FADC003A9F49 /* Base */,
			);
			name = LaunchScreen.storyboard;
			sourceTree = "<group>";
		};
/* End PBXVariantGroup section */

/* Begin XCBuildConfiguration section */
		DED39C441C96FADC003A9F49 /* Debug */ = {
			isa = XCBuildConfiguration;
			buildSettings = {
				ALWAYS_SEARCH_USER_PATHS = NO;
				CLANG_CXX_LANGUAGE_STANDARD = "gnu++0x";
				CLANG_CXX_LIBRARY = "libc++";
				CLANG_ENABLE_MODULES = YES;
				CLANG_ENABLE_OBJC_ARC = YES;
				CLANG_WARN_BOOL_CONVERSION = YES;
				CLANG_WARN_CONSTANT_CONVERSION = YES;
				CLANG_WARN_DIRECT_OBJC_ISA_USAGE = YES_ERROR;
				CLANG_WARN_EMPTY_BODY = YES;
				CLANG_WARN_ENUM_CONVERSION = YES;
				CLANG_WARN_INT_CONVERSION = YES;
				CLANG_WARN_OBJC_ROOT_CLASS = YES_ERROR;
				CLANG_WARN_UNREACHABLE_CODE = YES;
				CLANG_WARN__DUPLICATE_METHOD_MATCH = YES;
				"CODE_SIGN_IDENTITY[sdk=iphoneos*]" = "iPhone Developer";
				COPY_PHASE_STRIP = NO;
				DEBUG_INFORMATION_FORMAT = dwarf;
				ENABLE_STRICT_OBJC_MSGSEND = YES;
				ENABLE_TESTABILITY = YES;
				GCC_C_LANGUAGE_STANDARD = gnu99;
				GCC_DYNAMIC_NO_PIC = NO;
				GCC_NO_COMMON_BLOCKS = YES;
				GCC_OPTIMIZATION_LEVEL = 0;
				GCC_PREPROCESSOR_DEFINITIONS = (
					"DEBUG=1",
					"$(inherited)",
				);
				GCC_WARN_64_TO_32_BIT_CONVERSION = YES;
				GCC_WARN_ABOUT_RETURN_TYPE = YES_ERROR;
				GCC_WARN_UNDECLARED_SELECTOR = YES;
				GCC_WARN_UNINITIALIZED_AUTOS = YES_AGGRESSIVE;
				GCC_WARN_UNUSED_FUNCTION = YES;
				GCC_WARN_UNUSED_VARIABLE = YES;
				IPHONEOS_DEPLOYMENT_TARGET = 9.2;
				MTL_ENABLE_DEBUG_INFO = YES;
				ONLY_ACTIVE_ARCH = YES;
				SDKROOT = iphoneos;
				SWIFT_OPTIMIZATION_LEVEL = "-Onone";
			};
			name = Debug;
		};
		DED39C451C96FADC003A9F49 /* Release */ = {
			isa = XCBuildConfiguration;
			buildSettings = {
				ALWAYS_SEARCH_USER_PATHS = NO;
				CLANG_CXX_LANGUAGE_STANDARD = "gnu++0x";
				CLANG_CXX_LIBRARY = "libc++";
				CLANG_ENABLE_MODULES = YES;
				CLANG_ENABLE_OBJC_ARC = YES;
				CLANG_WARN_BOOL_CONVERSION = YES;
				CLANG_WARN_CONSTANT_CONVERSION = YES;
				CLANG_WARN_DIRECT_OBJC_ISA_USAGE = YES_ERROR;
				CLANG_WARN_EMPTY_BODY = YES;
				CLANG_WARN_ENUM_CONVERSION = YES;
				CLANG_WARN_INT_CONVERSION = YES;
				CLANG_WARN_OBJC_ROOT_CLASS = YES_ERROR;
				CLANG_WARN_UNREACHABLE_CODE = YES;
				CLANG_WARN__DUPLICATE_METHOD_MATCH = YES;
				"CODE_SIGN_IDENTITY[sdk=iphoneos*]" = "iPhone Developer";
				COPY_PHASE_STRIP = NO;
				DEBUG_INFORMATION_FORMAT = "dwarf-with-dsym";
				ENABLE_NS_ASSERTIONS = NO;
				ENABLE_STRICT_OBJC_MSGSEND = YES;
				GCC_C_LANGUAGE_STANDARD = gnu99;
				GCC_NO_COMMON_BLOCKS = YES;
				GCC_WARN_64_TO_32_BIT_CONVERSION = YES;
				GCC_WARN_ABOUT_RETURN_TYPE = YES_ERROR;
				GCC_WARN_UNDECLARED_SELECTOR = YES;
				GCC_WARN_UNINITIALIZED_AUTOS = YES_AGGRESSIVE;
				GCC_WARN_UNUSED_FUNCTION = YES;
				GCC_WARN_UNUSED_VARIABLE = YES;
				IPHONEOS_DEPLOYMENT_TARGET = 9.2;
				MTL_ENABLE_DEBUG_INFO = NO;
				SDKROOT = iphoneos;
				VALIDATE_PRODUCT = YES;
			};
			name = Release;
		};
		DED39C471C96FADC003A9F49 /* Debug */ = {
			isa = XCBuildConfiguration;
			baseConfigurationReference = FBD68B1B4EF03C21D126BB75 /* Pods-ShortenImage.debug.xcconfig */;
			buildSettings = {
				ASSETCATALOG_COMPILER_APPICON_NAME = AppIcon;
				INFOPLIST_FILE = ShortenImage/Info.plist;
				LD_RUNPATH_SEARCH_PATHS = "$(inherited) @executable_path/Frameworks";
				PRODUCT_BUNDLE_IDENTIFIER = FourFi.ShortenImage;
				PRODUCT_NAME = "$(TARGET_NAME)";
				SWIFT_OBJC_BRIDGING_HEADER = "$(SRCROOT)/ShortenImage/ShortenImage-Bridging-Header.h";
			};
			name = Debug;
		};
		DED39C481C96FADC003A9F49 /* Release */ = {
			isa = XCBuildConfiguration;
			baseConfigurationReference = D1D69C19BBDB84F6E4A01C05 /* Pods-ShortenImage.release.xcconfig */;
			buildSettings = {
				ASSETCATALOG_COMPILER_APPICON_NAME = AppIcon;
				INFOPLIST_FILE = ShortenImage/Info.plist;
				LD_RUNPATH_SEARCH_PATHS = "$(inherited) @executable_path/Frameworks";
				PRODUCT_BUNDLE_IDENTIFIER = FourFi.ShortenImage;
				PRODUCT_NAME = "$(TARGET_NAME)";
				SWIFT_OBJC_BRIDGING_HEADER = "$(SRCROOT)/ShortenImage/ShortenImage-Bridging-Header.h";
			};
			name = Release;
		};
		DED39C4A1C96FADC003A9F49 /* Debug */ = {
			isa = XCBuildConfiguration;
			buildSettings = {
				BUNDLE_LOADER = "$(TEST_HOST)";
				INFOPLIST_FILE = ShortenImageTests/Info.plist;
				LD_RUNPATH_SEARCH_PATHS = "$(inherited) @executable_path/Frameworks @loader_path/Frameworks";
				PRODUCT_BUNDLE_IDENTIFIER = FourFi.ShortenImageTests;
				PRODUCT_NAME = "$(TARGET_NAME)";
				TEST_HOST = "$(BUILT_PRODUCTS_DIR)/ShortenImage.app/ShortenImage";
			};
			name = Debug;
		};
		DED39C4B1C96FADC003A9F49 /* Release */ = {
			isa = XCBuildConfiguration;
			buildSettings = {
				BUNDLE_LOADER = "$(TEST_HOST)";
				INFOPLIST_FILE = ShortenImageTests/Info.plist;
				LD_RUNPATH_SEARCH_PATHS = "$(inherited) @executable_path/Frameworks @loader_path/Frameworks";
				PRODUCT_BUNDLE_IDENTIFIER = FourFi.ShortenImageTests;
				PRODUCT_NAME = "$(TARGET_NAME)";
				TEST_HOST = "$(BUILT_PRODUCTS_DIR)/ShortenImage.app/ShortenImage";
			};
			name = Release;
		};
		DED39C4D1C96FADC003A9F49 /* Debug */ = {
			isa = XCBuildConfiguration;
			buildSettings = {
				INFOPLIST_FILE = ShortenImageUITests/Info.plist;
				LD_RUNPATH_SEARCH_PATHS = "$(inherited) @executable_path/Frameworks @loader_path/Frameworks";
				PRODUCT_BUNDLE_IDENTIFIER = FourFi.ShortenImageUITests;
				PRODUCT_NAME = "$(TARGET_NAME)";
				TEST_TARGET_NAME = ShortenImage;
				USES_XCTRUNNER = YES;
			};
			name = Debug;
		};
		DED39C4E1C96FADC003A9F49 /* Release */ = {
			isa = XCBuildConfiguration;
			buildSettings = {
				INFOPLIST_FILE = ShortenImageUITests/Info.plist;
				LD_RUNPATH_SEARCH_PATHS = "$(inherited) @executable_path/Frameworks @loader_path/Frameworks";
				PRODUCT_BUNDLE_IDENTIFIER = FourFi.ShortenImageUITests;
				PRODUCT_NAME = "$(TARGET_NAME)";
				TEST_TARGET_NAME = ShortenImage;
				USES_XCTRUNNER = YES;
			};
			name = Release;
		};
/* End XCBuildConfiguration section */

/* Begin XCConfigurationList section */
		DED39C191C96FADC003A9F49 /* Build configuration list for PBXProject "ShortenImage" */ = {
			isa = XCConfigurationList;
			buildConfigurations = (
				DED39C441C96FADC003A9F49 /* Debug */,
				DED39C451C96FADC003A9F49 /* Release */,
			);
			defaultConfigurationIsVisible = 0;
			defaultConfigurationName = Release;
		};
		DED39C461C96FADC003A9F49 /* Build configuration list for PBXNativeTarget "ShortenImage" */ = {
			isa = XCConfigurationList;
			buildConfigurations = (
				DED39C471C96FADC003A9F49 /* Debug */,
				DED39C481C96FADC003A9F49 /* Release */,
			);
			defaultConfigurationIsVisible = 0;
			defaultConfigurationName = Release;
		};
		DED39C491C96FADC003A9F49 /* Build configuration list for PBXNativeTarget "ShortenImageTests" */ = {
			isa = XCConfigurationList;
			buildConfigurations = (
				DED39C4A1C96FADC003A9F49 /* Debug */,
				DED39C4B1C96FADC003A9F49 /* Release */,
			);
			defaultConfigurationIsVisible = 0;
			defaultConfigurationName = Release;
		};
		DED39C4C1C96FADC003A9F49 /* Build configuration list for PBXNativeTarget "ShortenImageUITests" */ = {
			isa = XCConfigurationList;
			buildConfigurations = (
				DED39C4D1C96FADC003A9F49 /* Debug */,
				DED39C4E1C96FADC003A9F49 /* Release */,
			);
			defaultConfigurationIsVisible = 0;
			defaultConfigurationName = Release;
		};
/* End XCConfigurationList section */
	};
	rootObject = DED39C161C96FADC003A9F49 /* Project object */;
}
